
Microsoft Visual Studio Solution File, Format Version 12.00
# Visual Studio Version 17
VisualStudioVersion = 17.3.32922.545
MinimumVisualStudioVersion = 10.0.40219.1
Project("{FAE04EC0-301F-11D3-BF4B-00C04F79EFBC}") = "Hafta_2", "Hafta_2\Hafta_2.csproj", "{70B25448-02E6-412A-8CE4-15C17E52C8FB}"
EndProject
Global
	GlobalSection(SolutionConfigurationPlatforms) = preSolution
		Debug|Any CPU = Debug|Any CPU
		Release|Any CPU = Release|Any CPU
	EndGlobalSection
	GlobalSection(ProjectConfigurationPlatforms) = postSolution
		{70B25448-02E6-412A-8CE4-15C17E52C8FB}.Debug|Any CPU.ActiveCfg = Debug|Any CPU
		{70B25448-02E6-412A-8CE4-15C17E52C8FB}.Debug|Any CPU.Build.0 = Debug|Any CPU
		{70B25448-02E6-412A-8CE4-15C17E52C8FB}.Release|Any CPU.ActiveCfg = Release|Any CPU
		{70B25448-02E6-412A-8CE4-15C17E52C8FB}.Release|Any CPU.Build.0 = Release|Any CPU
	EndGlobalSection
	GlobalSection(SolutionProperties) = preSolution
		HideSolutionNode = FALSE
	EndGlobalSection
	GlobalSection(ExtensibilityGlobals) = postSolution
		SolutionGuid = {E9CA83D0-B7BF-41A6-BF71-CDEE7070DF58}
	EndGlobalSection
EndGlobal
